// !$*UTF8*$!
{
	archiveVersion = 1;
	classes = {
	};
	objectVersion = 46;
	objects = {

/* Begin PBXBuildFile section */
		6660CD621ADC21590037202A /* main.m in Sources */ = {isa = PBXBuildFile; fileRef = 6660CD611ADC21590037202A /* main.m */; };
		6660CD651ADC21590037202A /* AppDelegate.m in Sources */ = {isa = PBXBuildFile; fileRef = 6660CD641ADC21590037202A /* AppDelegate.m */; };
		6660CD681ADC21590037202A /* ViewController.m in Sources */ = {isa = PBXBuildFile; fileRef = 6660CD671ADC21590037202A /* ViewController.m */; };
		6660CD6B1ADC21590037202A /* Main.storyboard in Resources */ = {isa = PBXBuildFile; fileRef = 6660CD691ADC21590037202A /* Main.storyboard */; };
		6660CD6D1ADC21590037202A /* Images.xcassets in Resources */ = {isa = PBXBuildFile; fileRef = 6660CD6C1ADC21590037202A /* Images.xcassets */; };
		6660CD701ADC21590037202A /* LaunchScreen.xib in Resources */ = {isa = PBXBuildFile; fileRef = 6660CD6E1ADC21590037202A /* LaunchScreen.xib */; };
		6660CD7C1ADC21590037202A /* BRAdmobTests.m in Sources */ = {isa = PBXBuildFile; fileRef = 6660CD7B1ADC21590037202A /* BRAdmobTests.m */; };
		6660CDAC1ADC217D0037202A /* 6_02.png in Resources */ = {isa = PBXBuildFile; fileRef = 6660CD851ADC217D0037202A /* 6_02.png */; };
		6660CDAD1ADC217D0037202A /* AdmobCollectionViewCell.m in Sources */ = {isa = PBXBuildFile; fileRef = 6660CD881ADC217D0037202A /* AdmobCollectionViewCell.m */; };
		6660CDAE1ADC217D0037202A /* AdmobCollectionViewCell.xib in Resources */ = {isa = PBXBuildFile; fileRef = 6660CD891ADC217D0037202A /* AdmobCollectionViewCell.xib */; };
		6660CDAF1ADC217D0037202A /* BRAdmobView.m in Sources */ = {isa = PBXBuildFile; fileRef = 6660CD8B1ADC217D0037202A /* BRAdmobView.m */; };
		6660CDB01ADC217D0037202A /* sqareImage.png in Resources */ = {isa = PBXBuildFile; fileRef = 6660CD8C1ADC217D0037202A /* sqareImage.png */; };
		6660CDB11ADC217D0037202A /* NSData+ImageContentType.m in Sources */ = {isa = PBXBuildFile; fileRef = 6660CD901ADC217D0037202A /* NSData+ImageContentType.m */; };
		6660CDB21ADC217D0037202A /* SDImageCache.m in Sources */ = {isa = PBXBuildFile; fileRef = 6660CD921ADC217D0037202A /* SDImageCache.m */; };
		6660CDB31ADC217D0037202A /* SDWebImageCompat.m in Sources */ = {isa = PBXBuildFile; fileRef = 6660CD941ADC217D0037202A /* SDWebImageCompat.m */; };
		6660CDB41ADC217D0037202A /* SDWebImageDecoder.m in Sources */ = {isa = PBXBuildFile; fileRef = 6660CD961ADC217D0037202A /* SDWebImageDecoder.m */; };
		6660CDB51ADC217D0037202A /* SDWebImageDownloader.m in Sources */ = {isa = PBXBuildFile; fileRef = 6660CD981ADC217D0037202A /* SDWebImageDownloader.m */; };
		6660CDB61ADC217D0037202A /* SDWebImageDownloaderOperation.m in Sources */ = {isa = PBXBuildFile; fileRef = 6660CD9A1ADC217D0037202A /* SDWebImageDownloaderOperation.m */; };
		6660CDB71ADC217D0037202A /* SDWebImageManager.m in Sources */ = {isa = PBXBuildFile; fileRef = 6660CD9C1ADC217D0037202A /* SDWebImageManager.m */; };
		6660CDB81ADC217D0037202A /* SDWebImagePrefetcher.m in Sources */ = {isa = PBXBuildFile; fileRef = 6660CD9F1ADC217D0037202A /* SDWebImagePrefetcher.m */; };
		6660CDB91ADC217D0037202A /* UIButton+WebCache.m in Sources */ = {isa = PBXBuildFile; fileRef = 6660CDA11ADC217D0037202A /* UIButton+WebCache.m */; };
		6660CDBA1ADC217D0037202A /* UIImage+GIF.m in Sources */ = {isa = PBXBuildFile; fileRef = 6660CDA31ADC217D0037202A /* UIImage+GIF.m */; };
		6660CDBB1ADC217D0037202A /* UIImage+MultiFormat.m in Sources */ = {isa = PBXBuildFile; fileRef = 6660CDA51ADC217D0037202A /* UIImage+MultiFormat.m */; };
		6660CDBC1ADC217D0037202A /* UIImageView+HighlightedWebCache.m in Sources */ = {isa = PBXBuildFile; fileRef = 6660CDA71ADC217D0037202A /* UIImageView+HighlightedWebCache.m */; };
		6660CDBD1ADC217D0037202A /* UIImageView+WebCache.m in Sources */ = {isa = PBXBuildFile; fileRef = 6660CDA91ADC217D0037202A /* UIImageView+WebCache.m */; };
		6660CDBE1ADC217D0037202A /* UIView+WebCacheOperation.m in Sources */ = {isa = PBXBuildFile; fileRef = 6660CDAB1ADC217D0037202A /* UIView+WebCacheOperation.m */; };
/* End PBXBuildFile section */

/* Begin PBXContainerItemProxy section */
		6660CD761ADC21590037202A /* PBXContainerItemProxy */ = {
			isa = PBXContainerItemProxy;
			containerPortal = 6660CD541ADC21590037202A /* Project object */;
			proxyType = 1;
			remoteGlobalIDString = 6660CD5B1ADC21590037202A;
			remoteInfo = BRAdmob;
		};
/* End PBXContainerItemProxy section */

/* Begin PBXFileReference section */
		6660CD5C1ADC21590037202A /* BRAdmob.app */ = {isa = PBXFileReference; explicitFileType = wrapper.application; includeInIndex = 0; path = BRAdmob.app; sourceTree = BUILT_PRODUCTS_DIR; };
		6660CD601ADC21590037202A /* Info.plist */ = {isa = PBXFileReference; lastKnownFileType = text.plist.xml; path = Info.plist; sourceTree = "<group>"; };
		6660CD611ADC21590037202A /* main.m */ = {isa = PBXFileReference; lastKnownFileType = sourcecode.c.objc; path = main.m; sourceTree = "<group>"; };
		6660CD631ADC21590037202A /* AppDelegate.h */ = {isa = PBXFileReference; lastKnownFileType = sourcecode.c.h; path = AppDelegate.h; sourceTree = "<group>"; };
		6660CD641ADC21590037202A /* AppDelegate.m */ = {isa = PBXFileReference; lastKnownFileType = sourcecode.c.objc; path = AppDelegate.m; sourceTree = "<group>"; };
		6660CD661ADC21590037202A /* ViewController.h */ = {isa = PBXFileReference; lastKnownFileType = sourcecode.c.h; path = ViewController.h; sourceTree = "<group>"; };
		6660CD671ADC21590037202A /* ViewController.m */ = {isa = PBXFileReference; lastKnownFileType = sourcecode.c.objc; path = ViewController.m; sourceTree = "<group>"; };
		6660CD6A1ADC21590037202A /* Base */ = {isa = PBXFileReference; lastKnownFileType = file.storyboard; name = Base; path = Base.lproj/Main.storyboard; sourceTree = "<group>"; };
		6660CD6C1ADC21590037202A /* Images.xcassets */ = {isa = PBXFileReference; lastKnownFileType = folder.assetcatalog; path = Images.xcassets; sourceTree = "<group>"; };
		6660CD6F1ADC21590037202A /* Base */ = {isa = PBXFileReference; lastKnownFileType = file.xib; name = Base; path = Base.lproj/LaunchScreen.xib; sourceTree = "<group>"; };
		6660CD751ADC21590037202A /* BRAdmobTests.xctest */ = {isa = PBXFileReference; explicitFileType = wrapper.cfbundle; includeInIndex = 0; path = BRAdmobTests.xctest; sourceTree = BUILT_PRODUCTS_DIR; };
		6660CD7A1ADC21590037202A /* Info.plist */ = {isa = PBXFileReference; lastKnownFileType = text.plist.xml; path = Info.plist; sourceTree = "<group>"; };
		6660CD7B1ADC21590037202A /* BRAdmobTests.m */ = {isa = PBXFileReference; lastKnownFileType = sourcecode.c.objc; path = BRAdmobTests.m; sourceTree = "<group>"; };
		6660CD851ADC217D0037202A /* 6_02.png */ = {isa = PBXFileReference; lastKnownFileType = image.png; path = 6_02.png; sourceTree = "<group>"; };
		6660CD871ADC217D0037202A /* AdmobCollectionViewCell.h */ = {isa = PBXFileReference; fileEncoding = 4; lastKnownFileType = sourcecode.c.h; path = AdmobCollectionViewCell.h; sourceTree = "<group>"; };
		6660CD881ADC217D0037202A /* AdmobCollectionViewCell.m */ = {isa = PBXFileReference; fileEncoding = 4; lastKnownFileType = sourcecode.c.objc; path = AdmobCollectionViewCell.m; sourceTree = "<group>"; };
		6660CD891ADC217D0037202A /* AdmobCollectionViewCell.xib */ = {isa = PBXFileReference; fileEncoding = 4; lastKnownFileType = file.xib; path = AdmobCollectionViewCell.xib; sourceTree = "<group>"; };
		6660CD8A1ADC217D0037202A /* BRAdmobView.h */ = {isa = PBXFileReference; fileEncoding = 4; lastKnownFileType = sourcecode.c.h; path = BRAdmobView.h; sourceTree = "<group>"; };
		6660CD8B1ADC217D0037202A /* BRAdmobView.m */ = {isa = PBXFileReference; fileEncoding = 4; lastKnownFileType = sourcecode.c.objc; path = BRAdmobView.m; sourceTree = "<group>"; };
		6660CD8C1ADC217D0037202A /* sqareImage.png */ = {isa = PBXFileReference; lastKnownFileType = image.png; path = sqareImage.png; sourceTree = "<group>"; };
		6660CD8F1ADC217D0037202A /* NSData+ImageContentType.h */ = {isa = PBXFileReference; fileEncoding = 4; lastKnownFileType = sourcecode.c.h; path = "NSData+ImageContentType.h"; sourceTree = "<group>"; };
		6660CD901ADC217D0037202A /* NSData+ImageContentType.m */ = {isa = PBXFileReference; fileEncoding = 4; lastKnownFileType = sourcecode.c.objc; path = "NSData+ImageContentType.m"; sourceTree = "<group>"; };
		6660CD911ADC217D0037202A /* SDImageCache.h */ = {isa = PBXFileReference; fileEncoding = 4; lastKnownFileType = sourcecode.c.h; path = SDImageCache.h; sourceTree = "<group>"; };
		6660CD921ADC217D0037202A /* SDImageCache.m */ = {isa = PBXFileReference; fileEncoding = 4; lastKnownFileType = sourcecode.c.objc; path = SDImageCache.m; sourceTree = "<group>"; };
		6660CD931ADC217D0037202A /* SDWebImageCompat.h */ = {isa = PBXFileReference; fileEncoding = 4; lastKnownFileType = sourcecode.c.h; path = SDWebImageCompat.h; sourceTree = "<group>"; };
		6660CD941ADC217D0037202A /* SDWebImageCompat.m */ = {isa = PBXFileReference; fileEncoding = 4; lastKnownFileType = sourcecode.c.objc; path = SDWebImageCompat.m; sourceTree = "<group>"; };
		6660CD951ADC217D0037202A /* SDWebImageDecoder.h */ = {isa = PBXFileReference; fileEncoding = 4; lastKnownFileType = sourcecode.c.h; path = SDWebImageDecoder.h; sourceTree = "<group>"; };
		6660CD961ADC217D0037202A /* SDWebImageDecoder.m */ = {isa = PBXFileReference; fileEncoding = 4; lastKnownFileType = sourcecode.c.objc; path = SDWebImageDecoder.m; sourceTree = "<group>"; };
		6660CD971ADC217D0037202A /* SDWebImageDownloader.h */ = {isa = PBXFileReference; fileEncoding = 4; lastKnownFileType = sourcecode.c.h; path = SDWebImageDownloader.h; sourceTree = "<group>"; };
		6660CD981ADC217D0037202A /* SDWebImageDownloader.m */ = {isa = PBXFileReference; fileEncoding = 4; lastKnownFileType = sourcecode.c.objc; path = SDWebImageDownloader.m; sourceTree = "<group>"; };
		6660CD991ADC217D0037202A /* SDWebImageDownloaderOperation.h */ = {isa = PBXFileReference; fileEncoding = 4; lastKnownFileType = sourcecode.c.h; path = SDWebImageDownloaderOperation.h; sourceTree = "<group>"; };
		6660CD9A1ADC217D0037202A /* SDWebImageDownloaderOperation.m */ = {isa = PBXFileReference; fileEncoding = 4; lastKnownFileType = sourcecode.c.objc; path = SDWebImageDownloaderOperation.m; sourceTree = "<group>"; };
		6660CD9B1ADC217D0037202A /* SDWebImageManager.h */ = {isa = PBXFileReference; fileEncoding = 4; lastKnownFileType = sourcecode.c.h; path = SDWebImageManager.h; sourceTree = "<group>"; };
		6660CD9C1ADC217D0037202A /* SDWebImageManager.m */ = {isa = PBXFileReference; fileEncoding = 4; lastKnownFileType = sourcecode.c.objc; path = SDWebImageManager.m; sourceTree = "<group>"; };
		6660CD9D1ADC217D0037202A /* SDWebImageOperation.h */ = {isa = PBXFileReference; fileEncoding = 4; lastKnownFileType = sourcecode.c.h; path = SDWebImageOperation.h; sourceTree = "<group>"; };
		6660CD9E1ADC217D0037202A /* SDWebImagePrefetcher.h */ = {isa = PBXFileReference; fileEncoding = 4; lastKnownFileType = sourcecode.c.h; path = SDWebImagePrefetcher.h; sourceTree = "<group>"; };
		6660CD9F1ADC217D0037202A /* SDWebImagePrefetcher.m */ = {isa = PBXFileReference; fileEncoding = 4; lastKnownFileType = sourcecode.c.objc; path = SDWebImagePrefetcher.m; sourceTree = "<group>"; };
		6660CDA01ADC217D0037202A /* UIButton+WebCache.h */ = {isa = PBXFileReference; fileEncoding = 4; lastKnownFileType = sourcecode.c.h; path = "UIButton+WebCache.h"; sourceTree = "<group>"; };
		6660CDA11ADC217D0037202A /* UIButton+WebCache.m */ = {isa = PBXFileReference; fileEncoding = 4; lastKnownFileType = sourcecode.c.objc; path = "UIButton+WebCache.m"; sourceTree = "<group>"; };
		6660CDA21ADC217D0037202A /* UIImage+GIF.h */ = {isa = PBXFileReference; fileEncoding = 4; lastKnownFileType = sourcecode.c.h; path = "UIImage+GIF.h"; sourceTree = "<group>"; };
		6660CDA31ADC217D0037202A /* UIImage+GIF.m */ = {isa = PBXFileReference; fileEncoding = 4; lastKnownFileType = sourcecode.c.objc; path = "UIImage+GIF.m"; sourceTree = "<group>"; };
		6660CDA41ADC217D0037202A /* UIImage+MultiFormat.h */ = {isa = PBXFileReference; fileEncoding = 4; lastKnownFileType = sourcecode.c.h; path = "UIImage+MultiFormat.h"; sourceTree = "<group>"; };
		6660CDA51ADC217D0037202A /* UIImage+MultiFormat.m */ = {isa = PBXFileReference; fileEncoding = 4; lastKnownFileType = sourcecode.c.objc; path = "UIImage+MultiFormat.m"; sourceTree = "<group>"; };
		6660CDA61ADC217D0037202A /* UIImageView+HighlightedWebCache.h */ = {isa = PBXFileReference; fileEncoding = 4; lastKnownFileType = sourcecode.c.h; path = "UIImageView+HighlightedWebCache.h"; sourceTree = "<group>"; };
		6660CDA71ADC217D0037202A /* UIImageView+HighlightedWebCache.m */ = {isa = PBXFileReference; fileEncoding = 4; lastKnownFileType = sourcecode.c.objc; path = "UIImageView+HighlightedWebCache.m"; sourceTree = "<group>"; };
		6660CDA81ADC217D0037202A /* UIImageView+WebCache.h */ = {isa = PBXFileReference; fileEncoding = 4; lastKnownFileType = sourcecode.c.h; path = "UIImageView+WebCache.h"; sourceTree = "<group>"; };
		6660CDA91ADC217D0037202A /* UIImageView+WebCache.m */ = {isa = PBXFileReference; fileEncoding = 4; lastKnownFileType = sourcecode.c.objc; path = "UIImageView+WebCache.m"; sourceTree = "<group>"; };
		6660CDAA1ADC217D0037202A /* UIView+WebCacheOperation.h */ = {isa = PBXFileReference; fileEncoding = 4; lastKnownFileType = sourcecode.c.h; path = "UIView+WebCacheOperation.h"; sourceTree = "<group>"; };
		6660CDAB1ADC217D0037202A /* UIView+WebCacheOperation.m */ = {isa = PBXFileReference; fileEncoding = 4; lastKnownFileType = sourcecode.c.objc; path = "UIView+WebCacheOperation.m"; sourceTree = "<group>"; };
/* End PBXFileReference section */

/* Begin PBXFrameworksBuildPhase section */
		6660CD591ADC21590037202A /* Frameworks */ = {
			isa = PBXFrameworksBuildPhase;
			buildActionMask = 2147483647;
			files = (
			);
			runOnlyForDeploymentPostprocessing = 0;
		};
		6660CD721ADC21590037202A /* Frameworks */ = {
			isa = PBXFrameworksBuildPhase;
			buildActionMask = 2147483647;
			files = (
			);
			runOnlyForDeploymentPostprocessing = 0;
		};
/* End PBXFrameworksBuildPhase section */

/* Begin PBXGroup section */
		6660CD531ADC21590037202A = {
			isa = PBXGroup;
			children = (
				6660CD5E1ADC21590037202A /* BRAdmob */,
				6660CD781ADC21590037202A /* BRAdmobTests */,
				6660CD5D1ADC21590037202A /* Products */,
			);
			sourceTree = "<group>";
		};
		6660CD5D1ADC21590037202A /* Products */ = {
			isa = PBXGroup;
			children = (
				6660CD5C1ADC21590037202A /* BRAdmob.app */,
				6660CD751ADC21590037202A /* BRAdmobTests.xctest */,
			);
			name = Products;
			sourceTree = "<group>";
		};
		6660CD5E1ADC21590037202A /* BRAdmob */ = {
			isa = PBXGroup;
			children = (
				6660CD851ADC217D0037202A /* 6_02.png */,
				6660CD861ADC217D0037202A /* BRAdmob */,
				6660CD8C1ADC217D0037202A /* sqareImage.png */,
				6660CD8D1ADC217D0037202A /* Vendor */,
				6660CD631ADC21590037202A /* AppDelegate.h */,
				6660CD641ADC21590037202A /* AppDelegate.m */,
				6660CD661ADC21590037202A /* ViewController.h */,
				6660CD671ADC21590037202A /* ViewController.m */,
				6660CD691ADC21590037202A /* Main.storyboard */,
				6660CD6C1ADC21590037202A /* Images.xcassets */,
				6660CD6E1ADC21590037202A /* LaunchScreen.xib */,
				6660CD5F1ADC21590037202A /* Supporting Files */,
			);
			path = BRAdmob;
			sourceTree = "<group>";
		};
		6660CD5F1ADC21590037202A /* Supporting Files */ = {
			isa = PBXGroup;
			children = (
				6660CD601ADC21590037202A /* Info.plist */,
				6660CD611ADC21590037202A /* main.m */,
			);
			name = "Supporting Files";
			sourceTree = "<group>";
		};
		6660CD781ADC21590037202A /* BRAdmobTests */ = {
			isa = PBXGroup;
			children = (
				6660CD7B1ADC21590037202A /* BRAdmobTests.m */,
				6660CD791ADC21590037202A /* Supporting Files */,
			);
			path = BRAdmobTests;
			sourceTree = "<group>";
		};
		6660CD791ADC21590037202A /* Supporting Files */ = {
			isa = PBXGroup;
			children = (
				6660CD7A1ADC21590037202A /* Info.plist */,
			);
			name = "Supporting Files";
			sourceTree = "<group>";
		};
		6660CD861ADC217D0037202A /* BRAdmob */ = {
			isa = PBXGroup;
			children = (
				6660CD871ADC217D0037202A /* AdmobCollectionViewCell.h */,
				6660CD881ADC217D0037202A /* AdmobCollectionViewCell.m */,
				6660CD891ADC217D0037202A /* AdmobCollectionViewCell.xib */,
				6660CD8A1ADC217D0037202A /* BRAdmobView.h */,
				6660CD8B1ADC217D0037202A /* BRAdmobView.m */,
			);
			path = BRAdmob;
			sourceTree = "<group>";
		};
		6660CD8D1ADC217D0037202A /* Vendor */ = {
			isa = PBXGroup;
			children = (
				6660CD8E1ADC217D0037202A /* SDWebImage */,
			);
			path = Vendor;
			sourceTree = "<group>";
		};
		6660CD8E1ADC217D0037202A /* SDWebImage */ = {
			isa = PBXGroup;
			children = (
				6660CD8F1ADC217D0037202A /* NSData+ImageContentType.h */,
				6660CD901ADC217D0037202A /* NSData+ImageContentType.m */,
				6660CD911ADC217D0037202A /* SDImageCache.h */,
				6660CD921ADC217D0037202A /* SDImageCache.m */,
				6660CD931ADC217D0037202A /* SDWebImageCompat.h */,
				6660CD941ADC217D0037202A /* SDWebImageCompat.m */,
				6660CD951ADC217D0037202A /* SDWebImageDecoder.h */,
				6660CD961ADC217D0037202A /* SDWebImageDecoder.m */,
				6660CD971ADC217D0037202A /* SDWebImageDownloader.h */,
				6660CD981ADC217D0037202A /* SDWebImageDownloader.m */,
				6660CD991ADC217D0037202A /* SDWebImageDownloaderOperation.h */,
				6660CD9A1ADC217D0037202A /* SDWebImageDownloaderOperation.m */,
				6660CD9B1ADC217D0037202A /* SDWebImageManager.h */,
				6660CD9C1ADC217D0037202A /* SDWebImageManager.m */,
				6660CD9D1ADC217D0037202A /* SDWebImageOperation.h */,
				6660CD9E1ADC217D0037202A /* SDWebImagePrefetcher.h */,
				6660CD9F1ADC217D0037202A /* SDWebImagePrefetcher.m */,
				6660CDA01ADC217D0037202A /* UIButton+WebCache.h */,
				6660CDA11ADC217D0037202A /* UIButton+WebCache.m */,
				6660CDA21ADC217D0037202A /* UIImage+GIF.h */,
				6660CDA31ADC217D0037202A /* UIImage+GIF.m */,
				6660CDA41ADC217D0037202A /* UIImage+MultiFormat.h */,
				6660CDA51ADC217D0037202A /* UIImage+MultiFormat.m */,
				6660CDA61ADC217D0037202A /* UIImageView+HighlightedWebCache.h */,
				6660CDA71ADC217D0037202A /* UIImageView+HighlightedWebCache.m */,
				6660CDA81ADC217D0037202A /* UIImageView+WebCache.h */,
				6660CDA91ADC217D0037202A /* UIImageView+WebCache.m */,
				6660CDAA1ADC217D0037202A /* UIView+WebCacheOperation.h */,
				6660CDAB1ADC217D0037202A /* UIView+WebCacheOperation.m */,
			);
			path = SDWebImage;
			sourceTree = "<group>";
		};
/* End PBXGroup section */

/* Begin PBXNativeTarget section */
		6660CD5B1ADC21590037202A /* BRAdmob */ = {
			isa = PBXNativeTarget;
			buildConfigurationList = 6660CD7F1ADC21590037202A /* Build configuration list for PBXNativeTarget "BRAdmob" */;
			buildPhases = (
				6660CD581ADC21590037202A /* Sources */,
				6660CD591ADC21590037202A /* Frameworks */,
				6660CD5A1ADC21590037202A /* Resources */,
			);
			buildRules = (
			);
			dependencies = (
			);
			name = BRAdmob;
			productName = BRAdmob;
			productReference = 6660CD5C1ADC21590037202A /* BRAdmob.app */;
			productType = "com.apple.product-type.application";
		};
		6660CD741ADC21590037202A /* BRAdmobTests */ = {
			isa = PBXNativeTarget;
			buildConfigurationList = 6660CD821ADC21590037202A /* Build configuration list for PBXNativeTarget "BRAdmobTests" */;
			buildPhases = (
				6660CD711ADC21590037202A /* Sources */,
				6660CD721ADC21590037202A /* Frameworks */,
				6660CD731ADC21590037202A /* Resources */,
			);
			buildRules = (
			);
			dependencies = (
				6660CD771ADC21590037202A /* PBXTargetDependency */,
			);
			name = BRAdmobTests;
			productName = BRAdmobTests;
			productReference = 6660CD751ADC21590037202A /* BRAdmobTests.xctest */;
			productType = "com.apple.product-type.bundle.unit-test";
		};
/* End PBXNativeTarget section */

/* Begin PBXProject section */
		6660CD541ADC21590037202A /* Project object */ = {
			isa = PBXProject;
			attributes = {
				LastUpgradeCheck = 0620;
				ORGANIZATIONNAME = BR;
				TargetAttributes = {
					6660CD5B1ADC21590037202A = {
						CreatedOnToolsVersion = 6.2;
					};
					6660CD741ADC21590037202A = {
						CreatedOnToolsVersion = 6.2;
						TestTargetID = 6660CD5B1ADC21590037202A;
					};
				};
			};
			buildConfigurationList = 6660CD571ADC21590037202A /* Build configuration list for PBXProject "BRAdmob" */;
			compatibilityVersion = "Xcode 3.2";
			developmentRegion = English;
			hasScannedForEncodings = 0;
			knownRegions = (
				en,
				Base,
			);
			mainGroup = 6660CD531ADC21590037202A;
			productRefGroup = 6660CD5D1ADC21590037202A /* Products */;
			projectDirPath = "";
			projectRoot = "";
			targets = (
				6660CD5B1ADC21590037202A /* BRAdmob */,
				6660CD741ADC21590037202A /* BRAdmobTests */,
			);
		};
/* End PBXProject section */

/* Begin PBXResourcesBuildPhase section */
		6660CD5A1ADC21590037202A /* Resources */ = {
			isa = PBXResourcesBuildPhase;
			buildActionMask = 2147483647;
			files = (
				6660CD6B1ADC21590037202A /* Main.storyboard in Resources */,
				6660CD701ADC21590037202A /* LaunchScreen.xib in Resources */,
				6660CDB01ADC217D0037202A /* sqareImage.png in Resources */,
				6660CDAC1ADC217D0037202A /* 6_02.png in Resources */,
				6660CD6D1ADC21590037202A /* Images.xcassets in Resources */,
				6660CDAE1ADC217D0037202A /* AdmobCollectionViewCell.xib in Resources */,
			);
			runOnlyForDeploymentPostprocessing = 0;
		};
		6660CD731ADC21590037202A /* Resources */ = {
			isa = PBXResourcesBuildPhase;
			buildActionMask = 2147483647;
			files = (
			);
			runOnlyForDeploymentPostprocessing = 0;
		};
/* End PBXResourcesBuildPhase section */

/* Begin PBXSourcesBuildPhase section */
		6660CD581ADC21590037202A /* Sources */ = {
			isa = PBXSourcesBuildPhase;
			buildActionMask = 2147483647;
			files = (
				6660CDBC1ADC217D0037202A /* UIImageView+HighlightedWebCache.m in Sources */,
				6660CDBB1ADC217D0037202A /* UIImage+MultiFormat.m in Sources */,
				6660CDB61ADC217D0037202A /* SDWebImageDownloaderOperation.m in Sources */,
				6660CDAF1ADC217D0037202A /* BRAdmobView.m in Sources */,
				6660CDB31ADC217D0037202A /* SDWebImageCompat.m in Sources */,
				6660CDBE1ADC217D0037202A /* UIView+WebCacheOperation.m in Sources */,
				6660CDBA1ADC217D0037202A /* UIImage+GIF.m in Sources */,
				6660CDB81ADC217D0037202A /* SDWebImagePrefetcher.m in Sources */,
				6660CD681ADC21590037202A /* ViewController.m in Sources */,
				6660CD651ADC21590037202A /* AppDelegate.m in Sources */,
				6660CDB51ADC217D0037202A /* SDWebImageDownloader.m in Sources */,
				6660CDB91ADC217D0037202A /* UIButton+WebCache.m in Sources */,
				6660CDAD1ADC217D0037202A /* AdmobCollectionViewCell.m in Sources */,
				6660CDB11ADC217D0037202A /* NSData+ImageContentType.m in Sources */,
				6660CD621ADC21590037202A /* main.m in Sources */,
				6660CDBD1ADC217D0037202A /* UIImageView+WebCache.m in Sources */,
				6660CDB71ADC217D0037202A /* SDWebImageManager.m in Sources */,
				6660CDB41ADC217D0037202A /* SDWebImageDecoder.m in Sources */,
				6660CDB21ADC217D0037202A /* SDImageCache.m in Sources */,
			);
			runOnlyForDeploymentPostprocessing = 0;
		};
		6660CD711ADC21590037202A /* Sources */ = {
			isa = PBXSourcesBuildPhase;
			buildActionMask = 2147483647;
			files = (
				6660CD7C1ADC21590037202A /* BRAdmobTests.m in Sources */,
			);
			runOnlyForDeploymentPostprocessing = 0;
		};
/* End PBXSourcesBuildPhase section */

/* Begin PBXTargetDependency section */
		6660CD771ADC21590037202A /* PBXTargetDependency */ = {
			isa = PBXTargetDependency;
			target = 6660CD5B1ADC21590037202A /* BRAdmob */;
			targetProxy = 6660CD761ADC21590037202A /* PBXContainerItemProxy */;
		};
/* End PBXTargetDependency section */

/* Begin PBXVariantGroup section */
		6660CD691ADC21590037202A /* Main.storyboard */ = {
			isa = PBXVariantGroup;
			children = (
				6660CD6A1ADC21590037202A /* Base */,
			);
			name = Main.storyboard;
			sourceTree = "<group>";
		};
		6660CD6E1ADC21590037202A /* LaunchScreen.xib */ = {
			isa = PBXVariantGroup;
			children = (
				6660CD6F1ADC21590037202A /* Base */,
			);
			name = LaunchScreen.xib;
			sourceTree = "<group>";
		};
/* End PBXVariantGroup section */

/* Begin XCBuildConfiguration section */
		6660CD7D1ADC21590037202A /* Debug */ = {
			isa = XCBuildConfiguration;
			buildSettings = {
				ALWAYS_SEARCH_USER_PATHS = NO;
				CLANG_CXX_LANGUAGE_STANDARD = "gnu++0x";
				CLANG_CXX_LIBRARY = "libc++";
				CLANG_ENABLE_MODULES = YES;
				CLANG_ENABLE_OBJC_ARC = YES;
				CLANG_WARN_BOOL_CONVERSION = YES;
				CLANG_WARN_CONSTANT_CONVERSION = YES;
				CLANG_WARN_DIRECT_OBJC_ISA_USAGE = YES_ERROR;
				CLANG_WARN_EMPTY_BODY = YES;
				CLANG_WARN_ENUM_CONVERSION = YES;
				CLANG_WARN_INT_CONVERSION = YES;
				CLANG_WARN_OBJC_ROOT_CLASS = YES_ERROR;
				CLANG_WARN_UNREACHABLE_CODE = YES;
				CLANG_WARN__DUPLICATE_METHOD_MATCH = YES;
				"CODE_SIGN_IDENTITY[sdk=iphoneos*]" = "iPhone Developer";
				COPY_PHASE_STRIP = NO;
				ENABLE_STRICT_OBJC_MSGSEND = YES;
				GCC_C_LANGUAGE_STANDARD = gnu99;
				GCC_DYNAMIC_NO_PIC = NO;
				GCC_OPTIMIZATION_LEVEL = 0;
				GCC_PREPROCESSOR_DEFINITIONS = (
					"DEBUG=1",
					"$(inherited)",
				);
				GCC_SYMBOLS_PRIVATE_EXTERN = NO;
				GCC_WARN_64_TO_32_BIT_CONVERSION = YES;
				GCC_WARN_ABOUT_RETURN_TYPE = YES_ERROR;
				GCC_WARN_UNDECLARED_SELECTOR = YES;
				GCC_WARN_UNINITIALIZED_AUTOS = YES_AGGRESSIVE;
				GCC_WARN_UNUSED_FUNCTION = YES;
				GCC_WARN_UNUSED_VARIABLE = YES;
				IPHONEOS_DEPLOYMENT_TARGET = 8.2;
				MTL_ENABLE_DEBUG_INFO = YES;
				ONLY_ACTIVE_ARCH = YES;
				SDKROOT = iphoneos;
			};
			name = Debug;
		};
		6660CD7E1ADC21590037202A /* Release */ = {
			isa = XCBuildConfiguration;
			buildSettings = {
				ALWAYS_SEARCH_USER_PATHS = NO;
				CLANG_CXX_LANGUAGE_STANDARD = "gnu++0x";
				CLANG_CXX_LIBRARY = "libc++";
				CLANG_ENABLE_MODULES = YES;
				CLANG_ENABLE_OBJC_ARC = YES;
				CLANG_WARN_BOOL_CONVERSION = YES;
				CLANG_WARN_CONSTANT_CONVERSION = YES;
				CLANG_WARN_DIRECT_OBJC_ISA_USAGE = YES_ERROR;
				CLANG_WARN_EMPTY_BODY = YES;
				CLANG_WARN_ENUM_CONVERSION = YES;
				CLANG_WARN_INT_CONVERSION = YES;
				CLANG_WARN_OBJC_ROOT_CLASS = YES_ERROR;
				CLANG_WARN_UNREACHABLE_CODE = YES;
				CLANG_WARN__DUPLICATE_METHOD_MATCH = YES;
				"CODE_SIGN_IDENTITY[sdk=iphoneos*]" = "iPhone Developer";
				COPY_PHASE_STRIP = NO;
				ENABLE_NS_ASSERTIONS = NO;
				ENABLE_STRICT_OBJC_MSGSEND = YES;
				GCC_C_LANGUAGE_STANDARD = gnu99;
				GCC_WARN_64_TO_32_BIT_CONVERSION = YES;
				GCC_WARN_ABOUT_RETURN_TYPE = YES_ERROR;
				GCC_WARN_UNDECLARED_SELECTOR = YES;
				GCC_WARN_UNINITIALIZED_AUTOS = YES_AGGRESSIVE;
				GCC_WARN_UNUSED_FUNCTION = YES;
				GCC_WARN_UNUSED_VARIABLE = YES;
				IPHONEOS_DEPLOYMENT_TARGET = 8.2;
				MTL_ENABLE_DEBUG_INFO = NO;
				SDKROOT = iphoneos;
				VALIDATE_PRODUCT = YES;
			};
			name = Release;
		};
		6660CD801ADC21590037202A /* Debug */ = {
			isa = XCBuildConfiguration;
			buildSettings = {
				ASSETCATALOG_COMPILER_APPICON_NAME = AppIcon;
				INFOPLIST_FILE = BRAdmob/Info.plist;
				LD_RUNPATH_SEARCH_PATHS = "$(inherited) @executable_path/Frameworks";
				PRODUCT_NAME = "$(TARGET_NAME)";
			};
			name = Debug;
		};
		6660CD811ADC21590037202A /* Release */ = {
			isa = XCBuildConfiguration;
			buildSettings = {
				ASSETCATALOG_COMPILER_APPICON_NAME = AppIcon;
				INFOPLIST_FILE = BRAdmob/Info.plist;
				LD_RUNPATH_SEARCH_PATHS = "$(inherited) @executable_path/Frameworks";
				PRODUCT_NAME = "$(TARGET_NAME)";
			};
			name = Release;
		};
		6660CD831ADC21590037202A /* Debug */ = {
			isa = XCBuildConfiguration;
			buildSettings = {
				BUNDLE_LOADER = "$(TEST_HOST)";
				FRAMEWORK_SEARCH_PATHS = (
					"$(SDKROOT)/Developer/Library/Frameworks",
					"$(inherited)",
				);
				GCC_PREPROCESSOR_DEFINITIONS = (
					"DEBUG=1",
					"$(inherited)",
				);
				INFOPLIST_FILE = BRAdmobTests/Info.plist;
				LD_RUNPATH_SEARCH_PATHS = "$(inherited) @executable_path/Frameworks @loader_path/Frameworks";
				PRODUCT_NAME = "$(TARGET_NAME)";
				TEST_HOST = "$(BUILT_PRODUCTS_DIR)/BRAdmob.app/BRAdmob";
			};
			name = Debug;
		};
		6660CD841ADC21590037202A /* Release */ = {
			isa = XCBuildConfiguration;
			buildSettings = {
				BUNDLE_LOADER = "$(TEST_HOST)";
				FRAMEWORK_SEARCH_PATHS = (
					"$(SDKROOT)/Developer/Library/Frameworks",
					"$(inherited)",
				);
				INFOPLIST_FILE = BRAdmobTests/Info.plist;
				LD_RUNPATH_SEARCH_PATHS = "$(inherited) @executable_path/Frameworks @loader_path/Frameworks";
				PRODUCT_NAME = "$(TARGET_NAME)";
				TEST_HOST = "$(BUILT_PRODUCTS_DIR)/BRAdmob.app/BRAdmob";
			};
			name = Release;
		};
/* End XCBuildConfiguration section */

/* Begin XCConfigurationList section */
		6660CD571ADC21590037202A /* Build configuration list for PBXProject "BRAdmob" */ = {
			isa = XCConfigurationList;
			buildConfigurations = (
				6660CD7D1ADC21590037202A /* Debug */,
				6660CD7E1ADC21590037202A /* Release */,
			);
			defaultConfigurationIsVisible = 0;
			defaultConfigurationName = Release;
		};
		6660CD7F1ADC21590037202A /* Build configuration list for PBXNativeTarget "BRAdmob" */ = {
			isa = XCConfigurationList;
			buildConfigurations = (
				6660CD801ADC21590037202A /* Debug */,
				6660CD811ADC21590037202A /* Release */,
			);
			defaultConfigurationIsVisible = 0;
		};
		6660CD821ADC21590037202A /* Build configuration list for PBXNativeTarget "BRAdmobTests" */ = {
			isa = XCConfigurationList;
			buildConfigurations = (
				6660CD831ADC21590037202A /* Debug */,
				6660CD841ADC21590037202A /* Release */,
			);
			defaultConfigurationIsVisible = 0;
		};
/* End XCConfigurationList section */
	};
	rootObject = 6660CD541ADC21590037202A /* Project object */;
}
